{
  "name": "aaaa",
  "version": "1.0.0",
  "lockfileVersion": 1,
  "requires": true,
  "dependencies": {
    "@types/jquery": {
      "version": "3.5.8",
      "resolved": "https://registry.npmmirror.com/@types/jquery/download/@types/jquery-3.5.8.tgz?cache=0&sync_timestamp=1637266625642&other_urls=https%3A%2F%2Fregistry.npmmirror.com%2F%40types%2Fjquery%2Fdownload%2F%40types%2Fjquery-3.5.8.tgz",
      "integrity": "sha1-g7+8305iXFRxWQ+ScDwGqtsFKgk=",
      "dev": true,
      "requires": {
        "@types/sizzle": "*"
      }
    },
    "@types/sizzle": {
      "version": "2.3.3",
      "resolved": "https://registry.npmmirror.com/@types/sizzle/download/@types/sizzle-2.3.3.tgz",
      "integrity": "sha1-/14vGQKWnTBSJaBHyKD9XJFc6+8=",
      "dev": true
    }
  }
}
